// !$*UTF8*$!
{
	archiveVersion = 1;
	classes = {
	};
	objectVersion = 77;
	objects = {

/* Begin PBXBuildFile section */
		CCA47E732EA13378005D91D5 /* RealityKitContent in Frameworks */ = {isa = PBXBuildFile; productRef = CCA47E722EA13378005D91D5 /* RealityKitContent */; };
		CCA47E862EA1339D005D91D5 /* Assets.xcassets in Resources */ = {isa = PBXBuildFile; fileRef = CCA47E812EA1339D005D91D5 /* Assets.xcassets */; };
		CCA47E882EA1339D005D91D5 /* LaunchView.swift in Sources */ = {isa = PBXBuildFile; fileRef = CCA47E822EA1339D005D91D5 /* LaunchView.swift */; };
		CCA47E892EA1339D005D91D5 /* RickAndMortyApp.swift in Sources */ = {isa = PBXBuildFile; fileRef = CCA47E842EA1339D005D91D5 /* RickAndMortyApp.swift */; };
		CCA47E8D2EA13644005D91D5 /* NetworkService.swift in Sources */ = {isa = PBXBuildFile; fileRef = CCA47E8C2EA13644005D91D5 /* NetworkService.swift */; };
		CCA47E912EA1374E005D91D5 /* RickMortyAPI.swift in Sources */ = {isa = PBXBuildFile; fileRef = CCA47E902EA1374E005D91D5 /* RickMortyAPI.swift */; };
		CCA47E942EA13D0D005D91D5 /* RickMortyVM.swift in Sources */ = {isa = PBXBuildFile; fileRef = CCA47E932EA13D0D005D91D5 /* RickMortyVM.swift */; };
		CCA47E962EA14A4C005D91D5 /* Character.swift in Sources */ = {isa = PBXBuildFile; fileRef = CCA47E952EA14A4C005D91D5 /* Character.swift */; };
		CCA47E9C2EA2852B005D91D5 /* Characters.swift in Sources */ = {isa = PBXBuildFile; fileRef = CCA47E9B2EA2852B005D91D5 /* Characters.swift */; };
		CCA47E9E2EA28BEB005D91D5 /* CharacterVM.swift in Sources */ = {isa = PBXBuildFile; fileRef = CCA47E9D2EA28BEB005D91D5 /* CharacterVM.swift */; };
		CCA47EA02EA2931F005D91D5 /* CharactersListView.swift in Sources */ = {isa = PBXBuildFile; fileRef = CCA47E9F2EA2931F005D91D5 /* CharactersListView.swift */; };
/* End PBXBuildFile section */

/* Begin PBXFileReference section */
		CCA47E6D2EA13378005D91D5 /* RickAndMorty.app */ = {isa = PBXFileReference; explicitFileType = wrapper.application; includeInIndex = 0; path = RickAndMorty.app; sourceTree = BUILT_PRODUCTS_DIR; };
		CCA47E712EA13378005D91D5 /* RealityKitContent */ = {isa = PBXFileReference; lastKnownFileType = wrapper; path = RealityKitContent; sourceTree = "<group>"; };
		CCA47E812EA1339D005D91D5 /* Assets.xcassets */ = {isa = PBXFileReference; lastKnownFileType = folder.assetcatalog; path = Assets.xcassets; sourceTree = "<group>"; };
		CCA47E822EA1339D005D91D5 /* LaunchView.swift */ = {isa = PBXFileReference; lastKnownFileType = sourcecode.swift; path = LaunchView.swift; sourceTree = "<group>"; };
		CCA47E832EA1339D005D91D5 /* Info.plist */ = {isa = PBXFileReference; lastKnownFileType = text.plist.xml; path = Info.plist; sourceTree = "<group>"; };
		CCA47E842EA1339D005D91D5 /* RickAndMortyApp.swift */ = {isa = PBXFileReference; lastKnownFileType = sourcecode.swift; path = RickAndMortyApp.swift; sourceTree = "<group>"; };
		CCA47E8C2EA13644005D91D5 /* NetworkService.swift */ = {isa = PBXFileReference; lastKnownFileType = sourcecode.swift; path = NetworkService.swift; sourceTree = "<group>"; };
		CCA47E902EA1374E005D91D5 /* RickMortyAPI.swift */ = {isa = PBXFileReference; lastKnownFileType = sourcecode.swift; path = RickMortyAPI.swift; sourceTree = "<group>"; };
		CCA47E932EA13D0D005D91D5 /* RickMortyVM.swift */ = {isa = PBXFileReference; lastKnownFileType = sourcecode.swift; path = RickMortyVM.swift; sourceTree = "<group>"; };
		CCA47E952EA14A4C005D91D5 /* Character.swift */ = {isa = PBXFileReference; lastKnownFileType = sourcecode.swift; path = Character.swift; sourceTree = "<group>"; };
		CCA47E9B2EA2852B005D91D5 /* Characters.swift */ = {isa = PBXFileReference; lastKnownFileType = sourcecode.swift; path = Characters.swift; sourceTree = "<group>"; };
		CCA47E9D2EA28BEB005D91D5 /* CharacterVM.swift */ = {isa = PBXFileReference; lastKnownFileType = sourcecode.swift; path = CharacterVM.swift; sourceTree = "<group>"; };
		CCA47E9F2EA2931F005D91D5 /* CharactersListView.swift */ = {isa = PBXFileReference; lastKnownFileType = sourcecode.swift; path = CharactersListView.swift; sourceTree = "<group>"; };
/* End PBXFileReference section */

/* Begin PBXFrameworksBuildPhase section */
		CCA47E6A2EA13378005D91D5 /* Frameworks */ = {
			isa = PBXFrameworksBuildPhase;
			buildActionMask = 2147483647;
			files = (
				CCA47E732EA13378005D91D5 /* RealityKitContent in Frameworks */,
			);
			runOnlyForDeploymentPostprocessing = 0;
		};
/* End PBXFrameworksBuildPhase section */

/* Begin PBXGroup section */
		CCA47E642EA13378005D91D5 = {
			isa = PBXGroup;
			children = (
				CCA47E852EA1339D005D91D5 /* RickAndMorty */,
				CCA47E702EA13378005D91D5 /* Packages */,
				CCA47E6E2EA13378005D91D5 /* Products */,
			);
			sourceTree = "<group>";
		};
		CCA47E6E2EA13378005D91D5 /* Products */ = {
			isa = PBXGroup;
			children = (
				CCA47E6D2EA13378005D91D5 /* RickAndMorty.app */,
			);
			name = Products;
			sourceTree = "<group>";
		};
		CCA47E702EA13378005D91D5 /* Packages */ = {
			isa = PBXGroup;
			children = (
				CCA47E712EA13378005D91D5 /* RealityKitContent */,
			);
			path = Packages;
			sourceTree = "<group>";
		};
		CCA47E852EA1339D005D91D5 /* RickAndMorty */ = {
			isa = PBXGroup;
			children = (
				CCA47E842EA1339D005D91D5 /* RickAndMortyApp.swift */,
				CCA47E832EA1339D005D91D5 /* Info.plist */,
				CCA47E812EA1339D005D91D5 /* Assets.xcassets */,
				CCA47E8B2EA13618005D91D5 /* Classes */,
				CCA47E922EA13CDB005D91D5 /* ViewModels */,
				CCA47E8A2EA13423005D91D5 /* Views */,
			);
			path = RickAndMorty;
			sourceTree = "<group>";
		};
		CCA47E8A2EA13423005D91D5 /* Views */ = {
			isa = PBXGroup;
			children = (
				CCA47E822EA1339D005D91D5 /* LaunchView.swift */,
				CCA47E9F2EA2931F005D91D5 /* CharactersListView.swift */,
			);
			path = Views;
			sourceTree = "<group>";
		};
		CCA47E8B2EA13618005D91D5 /* Classes */ = {
			isa = PBXGroup;
			children = (
				CCA47E8C2EA13644005D91D5 /* NetworkService.swift */,
				CCA47E902EA1374E005D91D5 /* RickMortyAPI.swift */,
				CCA47E952EA14A4C005D91D5 /* Character.swift */,
				CCA47E9B2EA2852B005D91D5 /* Characters.swift */,
			);
			path = Classes;
			sourceTree = "<group>";
		};
		CCA47E922EA13CDB005D91D5 /* ViewModels */ = {
			isa = PBXGroup;
			children = (
				CCA47E932EA13D0D005D91D5 /* RickMortyVM.swift */,
				CCA47E9D2EA28BEB005D91D5 /* CharacterVM.swift */,
			);
			path = ViewModels;
			sourceTree = "<group>";
		};
/* End PBXGroup section */

/* Begin PBXNativeTarget section */
		CCA47E6C2EA13378005D91D5 /* RickAndMorty */ = {
			isa = PBXNativeTarget;
			buildConfigurationList = CCA47E7C2EA13379005D91D5 /* Build configuration list for PBXNativeTarget "RickAndMorty" */;
			buildPhases = (
				CCA47E692EA13378005D91D5 /* Sources */,
				CCA47E6A2EA13378005D91D5 /* Frameworks */,
				CCA47E6B2EA13378005D91D5 /* Resources */,
			);
			buildRules = (
			);
			dependencies = (
			);
			name = RickAndMorty;
			packageProductDependencies = (
				CCA47E722EA13378005D91D5 /* RealityKitContent */,
			);
			productName = RickAndMorty;
			productReference = CCA47E6D2EA13378005D91D5 /* RickAndMorty.app */;
			productType = "com.apple.product-type.application";
		};
/* End PBXNativeTarget section */

/* Begin PBXProject section */
		CCA47E652EA13378005D91D5 /* Project object */ = {
			isa = PBXProject;
			attributes = {
				BuildIndependentTargetsInParallel = 1;
				LastSwiftUpdateCheck = 2600;
				LastUpgradeCheck = 2600;
				TargetAttributes = {
					CCA47E6C2EA13378005D91D5 = {
						CreatedOnToolsVersion = 26.0.1;
					};
				};
			};
			buildConfigurationList = CCA47E682EA13378005D91D5 /* Build configuration list for PBXProject "RickAndMorty" */;
			developmentRegion = en;
			hasScannedForEncodings = 0;
			knownRegions = (
				en,
				Base,
			);
			mainGroup = CCA47E642EA13378005D91D5;
			minimizedProjectReferenceProxies = 1;
			preferredProjectObjectVersion = 77;
			productRefGroup = CCA47E6E2EA13378005D91D5 /* Products */;
			projectDirPath = "";
			projectRoot = "";
			targets = (
				CCA47E6C2EA13378005D91D5 /* RickAndMorty */,
			);
		};
/* End PBXProject section */

/* Begin PBXResourcesBuildPhase section */
		CCA47E6B2EA13378005D91D5 /* Resources */ = {
			isa = PBXResourcesBuildPhase;
			buildActionMask = 2147483647;
			files = (
				CCA47E862EA1339D005D91D5 /* Assets.xcassets in Resources */,
			);
			runOnlyForDeploymentPostprocessing = 0;
		};
/* End PBXResourcesBuildPhase section */

/* Begin PBXSourcesBuildPhase section */
		CCA47E692EA13378005D91D5 /* Sources */ = {
			isa = PBXSourcesBuildPhase;
			buildActionMask = 2147483647;
			files = (
				CCA47E882EA1339D005D91D5 /* LaunchView.swift in Sources */,
				CCA47E942EA13D0D005D91D5 /* RickMortyVM.swift in Sources */,
				CCA47E9C2EA2852B005D91D5 /* Characters.swift in Sources */,
				CCA47E8D2EA13644005D91D5 /* NetworkService.swift in Sources */,
				CCA47E9E2EA28BEB005D91D5 /* CharacterVM.swift in Sources */,
				CCA47EA02EA2931F005D91D5 /* CharactersListView.swift in Sources */,
				CCA47E962EA14A4C005D91D5 /* Character.swift in Sources */,
				CCA47E892EA1339D005D91D5 /* RickAndMortyApp.swift in Sources */,
				CCA47E912EA1374E005D91D5 /* RickMortyAPI.swift in Sources */,
			);
			runOnlyForDeploymentPostprocessing = 0;
		};
/* End PBXSourcesBuildPhase section */

/* Begin XCBuildConfiguration section */
		CCA47E7D2EA13379005D91D5 /* Debug */ = {
			isa = XCBuildConfiguration;
			buildSettings = {
				ASSETCATALOG_COMPILER_APPICON_NAME = AppIcon;
				ASSETCATALOG_COMPILER_GLOBAL_ACCENT_COLOR_NAME = AccentColor;
				CODE_SIGN_STYLE = Automatic;
				CURRENT_PROJECT_VERSION = 1;
				DEVELOPMENT_TEAM = 664FMHC4VF;
				ENABLE_PREVIEWS = YES;
				GENERATE_INFOPLIST_FILE = YES;
				INFOPLIST_FILE = "$(TARGET_NAME)/Info.plist";
				LD_RUNPATH_SEARCH_PATHS = (
					"$(inherited)",
					"@executable_path/Frameworks",
				);
				MARKETING_VERSION = 1.0;
				PRODUCT_BUNDLE_IDENTIFIER = net.bwitmer.RickAndMorty;
				PRODUCT_NAME = "$(TARGET_NAME)";
				STRING_CATALOG_GENERATE_SYMBOLS = YES;
				SUPPORTED_PLATFORMS = "xros xrsimulator";
				SWIFT_APPROACHABLE_CONCURRENCY = YES;
				SWIFT_DEFAULT_ACTOR_ISOLATION = MainActor;
				SWIFT_EMIT_LOC_STRINGS = YES;
				SWIFT_UPCOMING_FEATURE_MEMBER_IMPORT_VISIBILITY = YES;
				SWIFT_VERSION = 5.0;
				TARGETED_DEVICE_FAMILY = 7;
			};
			name = Debug;
		};
		CCA47E7E2EA13379005D91D5 /* Release */ = {
			isa = XCBuildConfiguration;
			buildSettings = {
				ASSETCATALOG_COMPILER_APPICON_NAME = AppIcon;
				ASSETCATALOG_COMPILER_GLOBAL_ACCENT_COLOR_NAME = AccentColor;
				CODE_SIGN_STYLE = Automatic;
				CURRENT_PROJECT_VERSION = 1;
				DEVELOPMENT_TEAM = 664FMHC4VF;
				ENABLE_PREVIEWS = YES;
				GENERATE_INFOPLIST_FILE = YES;
				INFOPLIST_FILE = "$(TARGET_NAME)/Info.plist";
				LD_RUNPATH_SEARCH_PATHS = (
					"$(inherited)",
					"@executable_path/Frameworks",
				);
				MARKETING_VERSION = 1.0;
				PRODUCT_BUNDLE_IDENTIFIER = net.bwitmer.RickAndMorty;
				PRODUCT_NAME = "$(TARGET_NAME)";
				STRING_CATALOG_GENERATE_SYMBOLS = YES;
				SUPPORTED_PLATFORMS = "xros xrsimulator";
				SWIFT_APPROACHABLE_CONCURRENCY = YES;
				SWIFT_DEFAULT_ACTOR_ISOLATION = MainActor;
				SWIFT_EMIT_LOC_STRINGS = YES;
				SWIFT_UPCOMING_FEATURE_MEMBER_IMPORT_VISIBILITY = YES;
				SWIFT_VERSION = 5.0;
				TARGETED_DEVICE_FAMILY = 7;
			};
			name = Release;
		};
		CCA47E7F2EA13379005D91D5 /* Debug */ = {
			isa = XCBuildConfiguration;
			buildSettings = {
				ALWAYS_SEARCH_USER_PATHS = NO;
				ASSETCATALOG_COMPILER_GENERATE_SWIFT_ASSET_SYMBOL_EXTENSIONS = YES;
				CLANG_ANALYZER_NONNULL = YES;
				CLANG_ANALYZER_NUMBER_OBJECT_CONVERSION = YES_AGGRESSIVE;
				CLANG_CXX_LANGUAGE_STANDARD = "gnu++20";
				CLANG_ENABLE_MODULES = YES;
				CLANG_ENABLE_OBJC_ARC = YES;
				CLANG_ENABLE_OBJC_WEAK = YES;
				CLANG_WARN_BLOCK_CAPTURE_AUTORELEASING = YES;
				CLANG_WARN_BOOL_CONVERSION = YES;
				CLANG_WARN_COMMA = YES;
				CLANG_WARN_CONSTANT_CONVERSION = YES;
				CLANG_WARN_DEPRECATED_OBJC_IMPLEMENTATIONS = YES;
				CLANG_WARN_DIRECT_OBJC_ISA_USAGE = YES_ERROR;
				CLANG_WARN_DOCUMENTATION_COMMENTS = YES;
				CLANG_WARN_EMPTY_BODY = YES;
				CLANG_WARN_ENUM_CONVERSION = YES;
				CLANG_WARN_INFINITE_RECURSION = YES;
				CLANG_WARN_INT_CONVERSION = YES;
				CLANG_WARN_NON_LITERAL_NULL_CONVERSION = YES;
				CLANG_WARN_OBJC_IMPLICIT_RETAIN_SELF = YES;
				CLANG_WARN_OBJC_LITERAL_CONVERSION = YES;
				CLANG_WARN_OBJC_ROOT_CLASS = YES_ERROR;
				CLANG_WARN_QUOTED_INCLUDE_IN_FRAMEWORK_HEADER = YES;
				CLANG_WARN_RANGE_LOOP_ANALYSIS = YES;
				CLANG_WARN_STRICT_PROTOTYPES = YES;
				CLANG_WARN_SUSPICIOUS_MOVE = YES;
				CLANG_WARN_UNGUARDED_AVAILABILITY = YES_AGGRESSIVE;
				CLANG_WARN_UNREACHABLE_CODE = YES;
				CLANG_WARN__DUPLICATE_METHOD_MATCH = YES;
				COPY_PHASE_STRIP = NO;
				DEBUG_INFORMATION_FORMAT = dwarf;
				DEVELOPMENT_TEAM = 664FMHC4VF;
				ENABLE_STRICT_OBJC_MSGSEND = YES;
				ENABLE_TESTABILITY = YES;
				ENABLE_USER_SCRIPT_SANDBOXING = YES;
				GCC_C_LANGUAGE_STANDARD = gnu17;
				GCC_DYNAMIC_NO_PIC = NO;
				GCC_NO_COMMON_BLOCKS = YES;
				GCC_OPTIMIZATION_LEVEL = 0;
				GCC_PREPROCESSOR_DEFINITIONS = (
					"DEBUG=1",
					"$(inherited)",
				);
				GCC_WARN_64_TO_32_BIT_CONVERSION = YES;
				GCC_WARN_ABOUT_RETURN_TYPE = YES_ERROR;
				GCC_WARN_UNDECLARED_SELECTOR = YES;
				GCC_WARN_UNINITIALIZED_AUTOS = YES_AGGRESSIVE;
				GCC_WARN_UNUSED_FUNCTION = YES;
				GCC_WARN_UNUSED_VARIABLE = YES;
				LOCALIZATION_PREFERS_STRING_CATALOGS = YES;
				MTL_ENABLE_DEBUG_INFO = INCLUDE_SOURCE;
				MTL_FAST_MATH = YES;
				ONLY_ACTIVE_ARCH = YES;
				SDKROOT = xros;
				SWIFT_ACTIVE_COMPILATION_CONDITIONS = "DEBUG $(inherited)";
				SWIFT_OPTIMIZATION_LEVEL = "-Onone";
				XROS_DEPLOYMENT_TARGET = 26.0;
			};
			name = Debug;
		};
		CCA47E802EA13379005D91D5 /* Release */ = {
			isa = XCBuildConfiguration;
			buildSettings = {
				ALWAYS_SEARCH_USER_PATHS = NO;
				ASSETCATALOG_COMPILER_GENERATE_SWIFT_ASSET_SYMBOL_EXTENSIONS = YES;
				CLANG_ANALYZER_NONNULL = YES;
				CLANG_ANALYZER_NUMBER_OBJECT_CONVERSION = YES_AGGRESSIVE;
				CLANG_CXX_LANGUAGE_STANDARD = "gnu++20";
				CLANG_ENABLE_MODULES = YES;
				CLANG_ENABLE_OBJC_ARC = YES;
				CLANG_ENABLE_OBJC_WEAK = YES;
				CLANG_WARN_BLOCK_CAPTURE_AUTORELEASING = YES;
				CLANG_WARN_BOOL_CONVERSION = YES;
				CLANG_WARN_COMMA = YES;
				CLANG_WARN_CONSTANT_CONVERSION = YES;
				CLANG_WARN_DEPRECATED_OBJC_IMPLEMENTATIONS = YES;
				CLANG_WARN_DIRECT_OBJC_ISA_USAGE = YES_ERROR;
				CLANG_WARN_DOCUMENTATION_COMMENTS = YES;
				CLANG_WARN_EMPTY_BODY = YES;
				CLANG_WARN_ENUM_CONVERSION = YES;
				CLANG_WARN_INFINITE_RECURSION = YES;
				CLANG_WARN_INT_CONVERSION = YES;
				CLANG_WARN_NON_LITERAL_NULL_CONVERSION = YES;
				CLANG_WARN_OBJC_IMPLICIT_RETAIN_SELF = YES;
				CLANG_WARN_OBJC_LITERAL_CONVERSION = YES;
				CLANG_WARN_OBJC_ROOT_CLASS = YES_ERROR;
				CLANG_WARN_QUOTED_INCLUDE_IN_FRAMEWORK_HEADER = YES;
				CLANG_WARN_RANGE_LOOP_ANALYSIS = YES;
				CLANG_WARN_STRICT_PROTOTYPES = YES;
				CLANG_WARN_SUSPICIOUS_MOVE = YES;
				CLANG_WARN_UNGUARDED_AVAILABILITY = YES_AGGRESSIVE;
				CLANG_WARN_UNREACHABLE_CODE = YES;
				CLANG_WARN__DUPLICATE_METHOD_MATCH = YES;
				COPY_PHASE_STRIP = NO;
				DEBUG_INFORMATION_FORMAT = "dwarf-with-dsym";
				DEVELOPMENT_TEAM = 664FMHC4VF;
				ENABLE_NS_ASSERTIONS = NO;
				ENABLE_STRICT_OBJC_MSGSEND = YES;
				ENABLE_USER_SCRIPT_SANDBOXING = YES;
				GCC_C_LANGUAGE_STANDARD = gnu17;
				GCC_NO_COMMON_BLOCKS = YES;
				GCC_WARN_64_TO_32_BIT_CONVERSION = YES;
				GCC_WARN_ABOUT_RETURN_TYPE = YES_ERROR;
				GCC_WARN_UNDECLARED_SELECTOR = YES;
				GCC_WARN_UNINITIALIZED_AUTOS = YES_AGGRESSIVE;
				GCC_WARN_UNUSED_FUNCTION = YES;
				GCC_WARN_UNUSED_VARIABLE = YES;
				LOCALIZATION_PREFERS_STRING_CATALOGS = YES;
				MTL_ENABLE_DEBUG_INFO = NO;
				MTL_FAST_MATH = YES;
				SDKROOT = xros;
				SWIFT_COMPILATION_MODE = wholemodule;
				VALIDATE_PRODUCT = YES;
				XROS_DEPLOYMENT_TARGET = 26.0;
			};
			name = Release;
		};
/* End XCBuildConfiguration section */

/* Begin XCConfigurationList section */
		CCA47E682EA13378005D91D5 /* Build configuration list for PBXProject "RickAndMorty" */ = {
			isa = XCConfigurationList;
			buildConfigurations = (
				CCA47E7F2EA13379005D91D5 /* Debug */,
				CCA47E802EA13379005D91D5 /* Release */,
			);
			defaultConfigurationIsVisible = 0;
			defaultConfigurationName = Release;
		};
		CCA47E7C2EA13379005D91D5 /* Build configuration list for PBXNativeTarget "RickAndMorty" */ = {
			isa = XCConfigurationList;
			buildConfigurations = (
				CCA47E7D2EA13379005D91D5 /* Debug */,
				CCA47E7E2EA13379005D91D5 /* Release */,
			);
			defaultConfigurationIsVisible = 0;
			defaultConfigurationName = Release;
		};
/* End XCConfigurationList section */

/* Begin XCSwiftPackageProductDependency section */
		CCA47E722EA13378005D91D5 /* RealityKitContent */ = {
			isa = XCSwiftPackageProductDependency;
			productName = RealityKitContent;
		};
/* End XCSwiftPackageProductDependency section */
	};
	rootObject = CCA47E652EA13378005D91D5 /* Project object */;
}
